// !$*UTF8*$!
{
	archiveVersion = 1;
	classes = {
	};
	objectVersion = 50;
	objects = {

/* Begin PBXBuildFile section */
		AD54A6592129BE33003CC35A /* Model.swift in Sources */ = {isa = PBXBuildFile; fileRef = AD54A6582129BE33003CC35A /* Model.swift */; };
		AD5878202127F4B500FDE3DF /* AppDelegate.swift in Sources */ = {isa = PBXBuildFile; fileRef = AD58781F2127F4B500FDE3DF /* AppDelegate.swift */; };
		AD5878222127F4B500FDE3DF /* ViewController.swift in Sources */ = {isa = PBXBuildFile; fileRef = AD5878212127F4B500FDE3DF /* ViewController.swift */; };
		AD5878252127F4B500FDE3DF /* Main.storyboard in Resources */ = {isa = PBXBuildFile; fileRef = AD5878232127F4B500FDE3DF /* Main.storyboard */; };
		AD5878272127F4B600FDE3DF /* Assets.xcassets in Resources */ = {isa = PBXBuildFile; fileRef = AD5878262127F4B600FDE3DF /* Assets.xcassets */; };
		AD58782A2127F4B600FDE3DF /* LaunchScreen.storyboard in Resources */ = {isa = PBXBuildFile; fileRef = AD5878282127F4B600FDE3DF /* LaunchScreen.storyboard */; };
/* End PBXBuildFile section */

/* Begin PBXFileReference section */
		AD54A6582129BE33003CC35A /* Model.swift */ = {isa = PBXFileReference; lastKnownFileType = sourcecode.swift; path = Model.swift; sourceTree = "<group>"; };
		AD58781C2127F4B500FDE3DF /* PlistExample.app */ = {isa = PBXFileReference; explicitFileType = wrapper.application; includeInIndex = 0; path = PlistExample.app; sourceTree = BUILT_PRODUCTS_DIR; };
		AD58781F2127F4B500FDE3DF /* AppDelegate.swift */ = {isa = PBXFileReference; lastKnownFileType = sourcecode.swift; path = AppDelegate.swift; sourceTree = "<group>"; };
		AD5878212127F4B500FDE3DF /* ViewController.swift */ = {isa = PBXFileReference; lastKnownFileType = sourcecode.swift; path = ViewController.swift; sourceTree = "<group>"; };
		AD5878242127F4B500FDE3DF /* Base */ = {isa = PBXFileReference; lastKnownFileType = file.storyboard; name = Base; path = Base.lproj/Main.storyboard; sourceTree = "<group>"; };
		AD5878262127F4B600FDE3DF /* Assets.xcassets */ = {isa = PBXFileReference; lastKnownFileType = folder.assetcatalog; path = Assets.xcassets; sourceTree = "<group>"; };
		AD5878292127F4B600FDE3DF /* Base */ = {isa = PBXFileReference; lastKnownFileType = file.storyboard; name = Base; path = Base.lproj/LaunchScreen.storyboard; sourceTree = "<group>"; };
		AD58782B2127F4B600FDE3DF /* Info.plist */ = {isa = PBXFileReference; lastKnownFileType = text.plist.xml; path = Info.plist; sourceTree = "<group>"; };
/* End PBXFileReference section */

/* Begin PBXFrameworksBuildPhase section */
		AD5878192127F4B500FDE3DF /* Frameworks */ = {
			isa = PBXFrameworksBuildPhase;
			buildActionMask = 2147483647;
			files = (
			);
			runOnlyForDeploymentPostprocessing = 0;
		};
/* End PBXFrameworksBuildPhase section */

/* Begin PBXGroup section */
		AD54A6562129BE21003CC35A /* view */ = {
			isa = PBXGroup;
			children = (
				AD5878232127F4B500FDE3DF /* Main.storyboard */,
				AD5878262127F4B600FDE3DF /* Assets.xcassets */,
				AD5878282127F4B600FDE3DF /* LaunchScreen.storyboard */,
			);
			path = view;
			sourceTree = "<group>";
		};
		AD54A6572129BE28003CC35A /* controller */ = {
			isa = PBXGroup;
			children = (
				AD5878212127F4B500FDE3DF /* ViewController.swift */,
			);
			path = controller;
			sourceTree = "<group>";
		};
		AD54A65A2129BE3A003CC35A /* model */ = {
			isa = PBXGroup;
			children = (
				AD54A6582129BE33003CC35A /* Model.swift */,
			);
			path = model;
			sourceTree = "<group>";
		};
		AD5878132127F4B500FDE3DF = {
			isa = PBXGroup;
			children = (
				AD58781E2127F4B500FDE3DF /* PlistExample */,
				AD58781D2127F4B500FDE3DF /* Products */,
			);
			sourceTree = "<group>";
		};
		AD58781D2127F4B500FDE3DF /* Products */ = {
			isa = PBXGroup;
			children = (
				AD58781C2127F4B500FDE3DF /* PlistExample.app */,
			);
			name = Products;
			sourceTree = "<group>";
		};
		AD58781E2127F4B500FDE3DF /* PlistExample */ = {
			isa = PBXGroup;
			children = (
				AD58781F2127F4B500FDE3DF /* AppDelegate.swift */,
				AD54A65A2129BE3A003CC35A /* model */,
				AD54A6572129BE28003CC35A /* controller */,
				AD54A6562129BE21003CC35A /* view */,
				AD58782B2127F4B600FDE3DF /* Info.plist */,
			);
			path = PlistExample;
			sourceTree = "<group>";
		};
/* End PBXGroup section */

/* Begin PBXNativeTarget section */
		AD58781B2127F4B500FDE3DF /* PlistExample */ = {
			isa = PBXNativeTarget;
			buildConfigurationList = AD58782E2127F4B600FDE3DF /* Build configuration list for PBXNativeTarget "PlistExample" */;
			buildPhases = (
				AD5878182127F4B500FDE3DF /* Sources */,
				AD5878192127F4B500FDE3DF /* Frameworks */,
				AD58781A2127F4B500FDE3DF /* Resources */,
			);
			buildRules = (
			);
			dependencies = (
			);
			name = PlistExample;
			productName = PlistExample;
			productReference = AD58781C2127F4B500FDE3DF /* PlistExample.app */;
			productType = "com.apple.product-type.application";
		};
/* End PBXNativeTarget section */

/* Begin PBXProject section */
		AD5878142127F4B500FDE3DF /* Project object */ = {
			isa = PBXProject;
			attributes = {
				LastSwiftUpdateCheck = 0940;
				LastUpgradeCheck = 0940;
				ORGANIZATIONNAME = "Ashis Laha";
				TargetAttributes = {
					AD58781B2127F4B500FDE3DF = {
						CreatedOnToolsVersion = 9.4.1;
					};
				};
			};
			buildConfigurationList = AD5878172127F4B500FDE3DF /* Build configuration list for PBXProject "PlistExample" */;
			compatibilityVersion = "Xcode 9.3";
			developmentRegion = en;
			hasScannedForEncodings = 0;
			knownRegions = (
				en,
				Base,
			);
			mainGroup = AD5878132127F4B500FDE3DF;
			productRefGroup = AD58781D2127F4B500FDE3DF /* Products */;
			projectDirPath = "";
			projectRoot = "";
			targets = (
				AD58781B2127F4B500FDE3DF /* PlistExample */,
			);
		};
/* End PBXProject section */

/* Begin PBXResourcesBuildPhase section */
		AD58781A2127F4B500FDE3DF /* Resources */ = {
			isa = PBXResourcesBuildPhase;
			buildActionMask = 2147483647;
			files = (
				AD58782A2127F4B600FDE3DF /* LaunchScreen.storyboard in Resources */,
				AD5878272127F4B600FDE3DF /* Assets.xcassets in Resources */,
				AD5878252127F4B500FDE3DF /* Main.storyboard in Resources */,
			);
			runOnlyForDeploymentPostprocessing = 0;
		};
/* End PBXResourcesBuildPhase section */

/* Begin PBXSourcesBuildPhase section */
		AD5878182127F4B500FDE3DF /* Sources */ = {
			isa = PBXSourcesBuildPhase;
			buildActionMask = 2147483647;
			files = (
				AD54A6592129BE33003CC35A /* Model.swift in Sources */,
				AD5878222127F4B500FDE3DF /* ViewController.swift in Sources */,
				AD5878202127F4B500FDE3DF /* AppDelegate.swift in Sources */,
			);
			runOnlyForDeploymentPostprocessing = 0;
		};
/* End PBXSourcesBuildPhase section */

/* Begin PBXVariantGroup section */
		AD5878232127F4B500FDE3DF /* Main.storyboard */ = {
			isa = PBXVariantGroup;
			children = (
				AD5878242127F4B500FDE3DF /* Base */,
			);
			name = Main.storyboard;
			sourceTree = "<group>";
		};
		AD5878282127F4B600FDE3DF /* LaunchScreen.storyboard */ = {
			isa = PBXVariantGroup;
			children = (
				AD5878292127F4B600FDE3DF /* Base */,
			);
			name = LaunchScreen.storyboard;
			sourceTree = "<group>";
		};
/* End PBXVariantGroup section */

/* Begin XCBuildConfiguration section */
		AD58782C2127F4B600FDE3DF /* Debug */ = {
			isa = XCBuildConfiguration;
			buildSettings = {
				ALWAYS_SEARCH_USER_PATHS = NO;
				CLANG_ANALYZER_NONNULL = YES;
				CLANG_ANALYZER_NUMBER_OBJECT_CONVERSION = YES_AGGRESSIVE;
				CLANG_CXX_LANGUAGE_STANDARD = "gnu++14";
				CLANG_CXX_LIBRARY = "libc++";
				CLANG_ENABLE_MODULES = YES;
				CLANG_ENABLE_OBJC_ARC = YES;
				CLANG_ENABLE_OBJC_WEAK = YES;
				CLANG_WARN_BLOCK_CAPTURE_AUTORELEASING = YES;
				CLANG_WARN_BOOL_CONVERSION = YES;
				CLANG_WARN_COMMA = YES;
				CLANG_WARN_CONSTANT_CONVERSION = YES;
				CLANG_WARN_DEPRECATED_OBJC_IMPLEMENTATIONS = YES;
				CLANG_WARN_DIRECT_OBJC_ISA_USAGE = YES_ERROR;
				CLANG_WARN_DOCUMENTATION_COMMENTS = YES;
				CLANG_WARN_EMPTY_BODY = YES;
				CLANG_WARN_ENUM_CONVERSION = YES;
				CLANG_WARN_INFINITE_RECURSION = YES;
				CLANG_WARN_INT_CONVERSION = YES;
				CLANG_WARN_NON_LITERAL_NULL_CONVERSION = YES;
				CLANG_WARN_OBJC_IMPLICIT_RETAIN_SELF = YES;
				CLANG_WARN_OBJC_LITERAL_CONVERSION = YES;
				CLANG_WARN_OBJC_ROOT_CLASS = YES_ERROR;
				CLANG_WARN_RANGE_LOOP_ANALYSIS = YES;
				CLANG_WARN_STRICT_PROTOTYPES = YES;
				CLANG_WARN_SUSPICIOUS_MOVE = YES;
				CLANG_WARN_UNGUARDED_AVAILABILITY = YES_AGGRESSIVE;
				CLANG_WARN_UNREACHABLE_CODE = YES;
				CLANG_WARN__DUPLICATE_METHOD_MATCH = YES;
				CODE_SIGN_IDENTITY = "iPhone Developer";
				COPY_PHASE_STRIP = NO;
				DEBUG_INFORMATION_FORMAT = dwarf;
				ENABLE_STRICT_OBJC_MSGSEND = YES;
				ENABLE_TESTABILITY = YES;
				GCC_C_LANGUAGE_STANDARD = gnu11;
				GCC_DYNAMIC_NO_PIC = NO;
				GCC_NO_COMMON_BLOCKS = YES;
				GCC_OPTIMIZATION_LEVEL = 0;
				GCC_PREPROCESSOR_DEFINITIONS = (
					"DEBUG=1",
					"$(inherited)",
				);
				GCC_WARN_64_TO_32_BIT_CONVERSION = YES;
				GCC_WARN_ABOUT_RETURN_TYPE = YES_ERROR;
				GCC_WARN_UNDECLARED_SELECTOR = YES;
				GCC_WARN_UNINITIALIZED_AUTOS = YES_AGGRESSIVE;
				GCC_WARN_UNUSED_FUNCTION = YES;
				GCC_WARN_UNUSED_VARIABLE = YES;
				IPHONEOS_DEPLOYMENT_TARGET = 11.4;
				MTL_ENABLE_DEBUG_INFO = YES;
				ONLY_ACTIVE_ARCH = YES;
				SDKROOT = iphoneos;
				SWIFT_ACTIVE_COMPILATION_CONDITIONS = DEBUG;
				SWIFT_OPTIMIZATION_LEVEL = "-Onone";
			};
			name = Debug;
		};
		AD58782D2127F4B600FDE3DF /* Release */ = {
			isa = XCBuildConfiguration;
			buildSettings = {
				ALWAYS_SEARCH_USER_PATHS = NO;
				CLANG_ANALYZER_NONNULL = YES;
				CLANG_ANALYZER_NUMBER_OBJECT_CONVERSION = YES_AGGRESSIVE;
				CLANG_CXX_LANGUAGE_STANDARD = "gnu++14";
				CLANG_CXX_LIBRARY = "libc++";
				CLANG_ENABLE_MODULES = YES;
				CLANG_ENABLE_OBJC_ARC = YES;
				CLANG_ENABLE_OBJC_WEAK = YES;
				CLANG_WARN_BLOCK_CAPTURE_AUTORELEASING = YES;
				CLANG_WARN_BOOL_CONVERSION = YES;
				CLANG_WARN_COMMA = YES;
				CLANG_WARN_CONSTANT_CONVERSION = YES;
				CLANG_WARN_DEPRECATED_OBJC_IMPLEMENTATIONS = YES;
				CLANG_WARN_DIRECT_OBJC_ISA_USAGE = YES_ERROR;
				CLANG_WARN_DOCUMENTATION_COMMENTS = YES;
				CLANG_WARN_EMPTY_BODY = YES;
				CLANG_WARN_ENUM_CONVERSION = YES;
				CLANG_WARN_INFINITE_RECURSION = YES;
				CLANG_WARN_INT_CONVERSION = YES;
				CLANG_WARN_NON_LITERAL_NULL_CONVERSION = YES;
				CLANG_WARN_OBJC_IMPLICIT_RETAIN_SELF = YES;
				CLANG_WARN_OBJC_LITERAL_CONVERSION = YES;
				CLANG_WARN_OBJC_ROOT_CLASS = YES_ERROR;
				CLANG_WARN_RANGE_LOOP_ANALYSIS = YES;
				CLANG_WARN_STRICT_PROTOTYPES = YES;
				CLANG_WARN_SUSPICIOUS_MOVE = YES;
				CLANG_WARN_UNGUARDED_AVAILABILITY = YES_AGGRESSIVE;
				CLANG_WARN_UNREACHABLE_CODE = YES;
				CLANG_WARN__DUPLICATE_METHOD_MATCH = YES;
				CODE_SIGN_IDENTITY = "iPhone Developer";
				COPY_PHASE_STRIP = NO;
				DEBUG_INFORMATION_FORMAT = "dwarf-with-dsym";
				ENABLE_NS_ASSERTIONS = NO;
				ENABLE_STRICT_OBJC_MSGSEND = YES;
				GCC_C_LANGUAGE_STANDARD = gnu11;
				GCC_NO_COMMON_BLOCKS = YES;
				GCC_WARN_64_TO_32_BIT_CONVERSION = YES;
				GCC_WARN_ABOUT_RETURN_TYPE = YES_ERROR;
				GCC_WARN_UNDECLARED_SELECTOR = YES;
				GCC_WARN_UNINITIALIZED_AUTOS = YES_AGGRESSIVE;
				GCC_WARN_UNUSED_FUNCTION = YES;
				GCC_WARN_UNUSED_VARIABLE = YES;
				IPHONEOS_DEPLOYMENT_TARGET = 11.4;
				MTL_ENABLE_DEBUG_INFO = NO;
				SDKROOT = iphoneos;
				SWIFT_COMPILATION_MODE = wholemodule;
				SWIFT_OPTIMIZATION_LEVEL = "-O";
				VALIDATE_PRODUCT = YES;
			};
			name = Release;
		};
		AD58782F2127F4B600FDE3DF /* Debug */ = {
			isa = XCBuildConfiguration;
			buildSettings = {
				ASSETCATALOG_COMPILER_APPICON_NAME = AppIcon;
				CODE_SIGN_STYLE = Automatic;
				DEVELOPMENT_TEAM = W3Z9URG96M;
				INFOPLIST_FILE = PlistExample/Info.plist;
				LD_RUNPATH_SEARCH_PATHS = (
					"$(inherited)",
					"@executable_path/Frameworks",
				);
				PRODUCT_BUNDLE_IDENTIFIER = com.ashislaha.PlistExample;
				PRODUCT_NAME = "$(TARGET_NAME)";
				SWIFT_VERSION = 4.0;
				TARGETED_DEVICE_FAMILY = "1,2";
			};
			name = Debug;
		};
		AD5878302127F4B600FDE3DF /* Release */ = {
			isa = XCBuildConfiguration;
			buildSettings = {
				ASSETCATALOG_COMPILER_APPICON_NAME = AppIcon;
				CODE_SIGN_STYLE = Automatic;
				DEVELOPMENT_TEAM = W3Z9URG96M;
				INFOPLIST_FILE = PlistExample/Info.plist;
				LD_RUNPATH_SEARCH_PATHS = (
					"$(inherited)",
					"@executable_path/Frameworks",
				);
				PRODUCT_BUNDLE_IDENTIFIER = com.ashislaha.PlistExample;
				PRODUCT_NAME = "$(TARGET_NAME)";
				SWIFT_VERSION = 4.0;
				TARGETED_DEVICE_FAMILY = "1,2";
			};
			name = Release;
		};
/* End XCBuildConfiguration section */

/* Begin XCConfigurationList section */
		AD5878172127F4B500FDE3DF /* Build configuration list for PBXProject "PlistExample" */ = {
			isa = XCConfigurationList;
			buildConfigurations = (
				AD58782C2127F4B600FDE3DF /* Debug */,
				AD58782D2127F4B600FDE3DF /* Release */,
			);
			defaultConfigurationIsVisible = 0;
			defaultConfigurationName = Release;
		};
		AD58782E2127F4B600FDE3DF /* Build configuration list for PBXNativeTarget "PlistExample" */ = {
			isa = XCConfigurationList;
			buildConfigurations = (
				AD58782F2127F4B600FDE3DF /* Debug */,
				AD5878302127F4B600FDE3DF /* Release */,
			);
			defaultConfigurationIsVisible = 0;
			defaultConfigurationName = Release;
		};
/* End XCConfigurationList section */
	};
	rootObject = AD5878142127F4B500FDE3DF /* Project object */;
}
